
Microsoft Visual Studio Solution File, Format Version 12.00
# Visual Studio Version 17
VisualStudioVersion = 17.1.32210.238
MinimumVisualStudioVersion = 10.0.40219.1
Project("{FAE04EC0-301F-11D3-BF4B-00C04F79EFBC}") = "modul7_1302202072", "modul7_1302202072\modul7_1302202072.csproj", "{4AF4CD21-094E-4FE6-BBEC-137B611A2DE9}"
EndProject
Global
	GlobalSection(SolutionConfigurationPlatforms) = preSolution
		Debug|Any CPU = Debug|Any CPU
		Release|Any CPU = Release|Any CPU
	EndGlobalSection
	GlobalSection(ProjectConfigurationPlatforms) = postSolution
		{4AF4CD21-094E-4FE6-BBEC-137B611A2DE9}.Debug|Any CPU.ActiveCfg = Debug|Any CPU
		{4AF4CD21-094E-4FE6-BBEC-137B611A2DE9}.Debug|Any CPU.Build.0 = Debug|Any CPU
		{4AF4CD21-094E-4FE6-BBEC-137B611A2DE9}.Release|Any CPU.ActiveCfg = Release|Any CPU
		{4AF4CD21-094E-4FE6-BBEC-137B611A2DE9}.Release|Any CPU.Build.0 = Release|Any CPU
	EndGlobalSection
	GlobalSection(SolutionProperties) = preSolution
		HideSolutionNode = FALSE
	EndGlobalSection
	GlobalSection(ExtensibilityGlobals) = postSolution
		SolutionGuid = {24C183B0-81E8-446B-B11B-F0C997ED8586}
	EndGlobalSection
EndGlobal
